
Microsoft Visual Studio Solution File, Format Version 12.00
# Visual Studio 15
VisualStudioVersion = 15.0.28010.2050
MinimumVisualStudioVersion = 10.0.40219.1
Project("{FAE04EC0-301F-11D3-BF4B-00C04F79EFBC}") = "Tarea2_CYK", "Tarea2_CYK\Tarea2_CYK.csproj", "{E2BA1333-A497-4962-8C8C-D4698D82FB89}"
EndProject
Global
	GlobalSection(SolutionConfigurationPlatforms) = preSolution
		Debug|Any CPU = Debug|Any CPU
		Release|Any CPU = Release|Any CPU
	EndGlobalSection
	GlobalSection(ProjectConfigurationPlatforms) = postSolution
		{E2BA1333-A497-4962-8C8C-D4698D82FB89}.Debug|Any CPU.ActiveCfg = Debug|Any CPU
		{E2BA1333-A497-4962-8C8C-D4698D82FB89}.Debug|Any CPU.Build.0 = Debug|Any CPU
		{E2BA1333-A497-4962-8C8C-D4698D82FB89}.Release|Any CPU.ActiveCfg = Release|Any CPU
		{E2BA1333-A497-4962-8C8C-D4698D82FB89}.Release|Any CPU.Build.0 = Release|Any CPU
	EndGlobalSection
	GlobalSection(SolutionProperties) = preSolution
		HideSolutionNode = FALSE
	EndGlobalSection
	GlobalSection(ExtensibilityGlobals) = postSolution
		SolutionGuid = {9A40ACA7-C0E0-4BA4-ACAA-D7985FE7C591}
	EndGlobalSection
EndGlobal
